
Microsoft Visual Studio Solution File, Format Version 12.00
# Visual Studio Version 17
VisualStudioVersion = 17.0.31903.59
MinimumVisualStudioVersion = 10.0.40219.1
Project("{F2A71F9B-5D33-465A-A702-920D77279786}") = "LoggerConsoleApp", "LoggerConsoleApp\LoggerConsoleApp.fsproj", "{611368EA-4C03-4348-8587-39C8BA374602}"
EndProject
Project("{FAE04EC0-301F-11D3-BF4B-00C04F79EFBC}") = "LoggerLib", "LoggerLib\LoggerLib.csproj", "{3637EF5F-D054-445C-8EC8-C6F120A1DD7A}"
EndProject
Global
	GlobalSection(SolutionConfigurationPlatforms) = preSolution
		Debug|Any CPU = Debug|Any CPU
		Release|Any CPU = Release|Any CPU
	EndGlobalSection
	GlobalSection(SolutionProperties) = preSolution
		HideSolutionNode = FALSE
	EndGlobalSection
	GlobalSection(ProjectConfigurationPlatforms) = postSolution
		{611368EA-4C03-4348-8587-39C8BA374602}.Debug|Any CPU.ActiveCfg = Debug|Any CPU
		{611368EA-4C03-4348-8587-39C8BA374602}.Debug|Any CPU.Build.0 = Debug|Any CPU
		{611368EA-4C03-4348-8587-39C8BA374602}.Release|Any CPU.ActiveCfg = Release|Any CPU
		{611368EA-4C03-4348-8587-39C8BA374602}.Release|Any CPU.Build.0 = Release|Any CPU
		{3637EF5F-D054-445C-8EC8-C6F120A1DD7A}.Debug|Any CPU.ActiveCfg = Debug|Any CPU
		{3637EF5F-D054-445C-8EC8-C6F120A1DD7A}.Debug|Any CPU.Build.0 = Debug|Any CPU
		{3637EF5F-D054-445C-8EC8-C6F120A1DD7A}.Release|Any CPU.ActiveCfg = Release|Any CPU
		{3637EF5F-D054-445C-8EC8-C6F120A1DD7A}.Release|Any CPU.Build.0 = Release|Any CPU
	EndGlobalSection
EndGlobal
